
Microsoft Visual Studio Solution File, Format Version 12.00
Project("{FAE04EC0-301F-11D3-BF4B-00C04F79EFBC}") = "Ptmk_test_task", "Ptmk_test_task.csproj", "{A458CBBB-FB6F-4DC2-AD5E-CC0F708A4C78}"
EndProject
Global
	GlobalSection(SolutionConfigurationPlatforms) = preSolution
		Debug|Any CPU = Debug|Any CPU
		Release|Any CPU = Release|Any CPU
	EndGlobalSection
	GlobalSection(ProjectConfigurationPlatforms) = postSolution
		{A458CBBB-FB6F-4DC2-AD5E-CC0F708A4C78}.Debug|Any CPU.ActiveCfg = Debug|Any CPU
		{A458CBBB-FB6F-4DC2-AD5E-CC0F708A4C78}.Debug|Any CPU.Build.0 = Debug|Any CPU
		{A458CBBB-FB6F-4DC2-AD5E-CC0F708A4C78}.Release|Any CPU.ActiveCfg = Release|Any CPU
		{A458CBBB-FB6F-4DC2-AD5E-CC0F708A4C78}.Release|Any CPU.Build.0 = Release|Any CPU
	EndGlobalSection
EndGlobal
